
Microsoft Visual Studio Solution File, Format Version 12.00
# Visual Studio 15
VisualStudioVersion = 15.0.26124.0
MinimumVisualStudioVersion = 15.0.26124.0
Project("{FAE04EC0-301F-11D3-BF4B-00C04F79EFBC}") = "Tennis.Web", "Tennis.Web\Tennis.Web.csproj", "{362F91DD-1EC1-4AB5-9D8D-58B098CAB16E}"
EndProject
Global
	GlobalSection(SolutionProperties) = preSolution
		HideSolutionNode = FALSE
	EndGlobalSection
	GlobalSection(SolutionConfigurationPlatforms) = preSolution
		Debug|Any CPU = Debug|Any CPU
		Release|Any CPU = Release|Any CPU
	EndGlobalSection
	GlobalSection(ProjectConfigurationPlatforms) = postSolution
		{362F91DD-1EC1-4AB5-9D8D-58B098CAB16E}.Debug|Any CPU.ActiveCfg = Debug|Any CPU
		{362F91DD-1EC1-4AB5-9D8D-58B098CAB16E}.Debug|Any CPU.Build.0 = Debug|Any CPU
		{362F91DD-1EC1-4AB5-9D8D-58B098CAB16E}.Release|Any CPU.ActiveCfg = Release|Any CPU
		{362F91DD-1EC1-4AB5-9D8D-58B098CAB16E}.Release|Any CPU.Build.0 = Release|Any CPU
	EndGlobalSection
EndGlobal
